{
    "_readme": [
        "This file locks the dependencies of your project to a known state",
        "Read more about it at https://getcomposer.org/doc/01-basic-usage.md#installing-dependencies",
        "This file is @generated automatically"
    ],
    "content-hash": "1c0611f08ba38bd8448d04762a1f0f46",
    "packages": [
        {
            "name": "minifw/common",
            "version": "v1.0.5",
            "source": {
                "type": "git",
                "url": "https://github.com/minifw/common.git",
                "reference": "bc579358ccc4a8b57e4f78a9a08f7af793051c23"
            },
            "dist": {
                "type": "zip",
                "url": "https://api.github.com/repos/minifw/common/zipball/bc579358ccc4a8b57e4f78a9a08f7af793051c23",
                "reference": "bc579358ccc4a8b57e4f78a9a08f7af793051c23",
                "shasum": ""
            },
            "require": {
                "php": ">=7.0"
            },
            "require-dev": {
                "phpunit/phpunit": "^9.5"
            },
            "type": "library",
            "autoload": {
                "psr-4": {
                    "Minifw\\Common\\": "src/"
                }
            },
            "notification-url": "https://packagist.org/downloads/",
            "license": [
                "LGPL-3.0-or-later"
            ],
            "authors": [
                {
                    "name": "Yang Ming",
                    "email": "yangming0116@163.com",
                    "role": "Developer"
                }
            ],
            "description": "common data for minifw",
            "homepage": "https://github.com/minifw/common",
            "keywords": [
                "framework",
                "php"
            ],
            "support": {
                "issues": "https://github.com/minifw/common/issues",
                "source": "https://github.com/minifw/common/tree/v1.0.5"
            },
            "time": "2022-06-12T06:01:24+00:00"
        },
        {
            "name": "minifw/console",
            "version": "v1.0.3",
            "source": {
                "type": "git",
                "url": "https://github.com/minifw/console.git",
                "reference": "d56a1cfcd6c142227bc73f6d4b04bfeac198d04f"
            },
            "dist": {
                "type": "zip",
                "url": "https://api.github.com/repos/minifw/console/zipball/d56a1cfcd6c142227bc73f6d4b04bfeac198d04f",
                "reference": "d56a1cfcd6c142227bc73f6d4b04bfeac198d04f",
                "shasum": ""
            },
            "require": {
                "minifw/common": "^v1.0",
                "php": ">=7.0"
            },
            "require-dev": {
                "phpunit/phpunit": "^9.5"
            },
            "type": "library",
            "autoload": {
                "psr-4": {
                    "Minifw\\Console\\": "src/"
                }
            },
            "notification-url": "https://packagist.org/downloads/",
            "license": [
                "LGPL-3.0-or-later"
            ],
            "authors": [
                {
                    "name": "Yang Ming",
                    "email": "yangming0116@163.com",
                    "role": "Developer"
                }
            ],
            "description": "php console control",
            "homepage": "https://github.com/minifw/console",
            "keywords": [
                "console",
                "php"
            ],
            "support": {
                "issues": "https://github.com/minifw/console/issues",
                "source": "https://github.com/minifw/console/tree/v1.0.3"
            },
            "time": "2022-06-12T06:20:08+00:00"
        }
    ],
    "packages-dev": [
        {
            "name": "bamarni/composer-bin-plugin",
            "version": "v1.5.0",
            "source": {
                "type": "git",
                "url": "https://github.com/bamarni/composer-bin-plugin.git",
                "reference": "49934ffea764864788334c1485fbb08a4b852031"
            },
            "dist": {
                "type": "zip",
                "url": "https://api.github.com/repos/bamarni/composer-bin-plugin/zipball/49934ffea764864788334c1485fbb08a4b852031",
                "reference": "49934ffea764864788334c1485fbb08a4b852031",
                "shasum": ""
            },
            "require": {
                "composer-plugin-api": "^1.0 || ^2.0",
                "php": "^5.5.9 || ^7.0 || ^8.0"
            },
            "require-dev": {
                "composer/composer": "^1.0 || ^2.0",
                "symfony/console": "^2.5 || ^3.0 || ^4.0"
            },
            "type": "composer-plugin",
            "extra": {
                "class": "Bamarni\\Composer\\Bin\\Plugin"
            },
            "autoload": {
                "psr-4": {
                    "Bamarni\\Composer\\Bin\\": "src"
                }
            },
            "notification-url": "https://packagist.org/downloads/",
            "license": [
                "MIT"
            ],
            "description": "No conflicts for your bin dependencies",
            "keywords": [
                "composer",
                "conflict",
                "dependency",
                "executable",
                "isolation",
                "tool"
            ],
            "support": {
                "issues": "https://github.com/bamarni/composer-bin-plugin/issues",
                "source": "https://github.com/bamarni/composer-bin-plugin/tree/v1.5.0"
            },
            "time": "2022-02-22T21:01:25+00:00"
        }
    ],
    "aliases": [],
    "minimum-stability": "stable",
    "stability-flags": [],
    "prefer-stable": false,
    "prefer-lowest": false,
    "platform": {
        "php": ">=7.0"
    },
    "platform-dev": [],
    "plugin-api-version": "2.1.0"
}
